{
  "nodes": {
    "nixpkgs": {
      "locked": {
        "lastModified": 1785571196,
        "narHash": "sha256-xwSqxTsama0YTtS78+4YyCm6jJg09v78QWfP1cAyoVA=",
        "rev": "148bab9c1c3c53136ecb44a6ea356a0ed5b39b06",
        "type": "tarball",
        "url": "https://releases.nixos.org/nixos/unstable/nixos-26.11pre1045728.148bab9c1c3c/nixexprs.tar.xz"
      },
      "original": {
        "type": "tarball",
        "url": "https://channels.nixos.org/nixos-unstable/nixexprs.tar.xz"
      }
    },
    "root": {
      "inputs": {
        "nixpkgs": "nixpkgs",
        "scenefx": "scenefx"
      }
    },
    "scenefx": {
      "flake": false,
      "locked": {
        "lastModified": 1787336523,
        "narHash": "sha256-52ccG9hQlRY8SXY60stczrpkhxUr2aj0kLfwQt3lpW0=",
        "ref": "umbriel",
        "rev": "9522ab665f2e74f570dbf5cf8bdfa19ec2c12ce2",
        "revCount": 318,
        "type": "git",
        "url": "https://github.com/noctalia-dev/scenefx"
      },
      "original": {
        "ref": "umbriel",
        "type": "git",
        "url": "https://github.com/noctalia-dev/scenefx"
      }
    }
  },
  "root": "root",
  "version": 7
}
