{
  "nodes": {
    "nixpkgs": {
      "locked": {
        "lastModified": 1785571196,
        "narHash": "sha256-xwSqxTsama0YTtS78+4YyCm6jJg09v78QWfP1cAyoVA=",
        "rev": "148bab9c1c3c53136ecb44a6ea356a0ed5b39b06",
        "type": "tarball",
        "url": "https://releases.nixos.org/nixos/unstable/nixos-26.11pre1045728.148bab9c1c3c/nixexprs.tar.xz"
      },
      "original": {
        "type": "tarball",
        "url": "https://channels.nixos.org/nixos-unstable/nixexprs.tar.xz"
      }
    },
    "root": {
      "inputs": {
        "nixpkgs": "nixpkgs",
        "scenefx": "scenefx"
      }
    },
    "scenefx": {
      "flake": false,
      "locked": {
        "lastModified": 1787367884,
        "narHash": "sha256-CanY5gX81OUvTNpafLc9Bkdk26Xrlq99rkrQQd98EKM=",
        "ref": "umbriel",
        "rev": "a7ceecd5336edd3ac7245e65ab2ee1b12dfa97ca",
        "revCount": 319,
        "type": "git",
        "url": "https://github.com/noctalia-dev/scenefx"
      },
      "original": {
        "ref": "umbriel",
        "type": "git",
        "url": "https://github.com/noctalia-dev/scenefx"
      }
    }
  },
  "root": "root",
  "version": 7
}
